
Microsoft Visual Studio Solution File, Format Version 12.00
# Visual Studio Version 16
VisualStudioVersion = 16.0.31019.35
MinimumVisualStudioVersion = 10.0.40219.1
Project("{FAE04EC0-301F-11D3-BF4B-00C04F79EFBC}") = "LootBox", "LootBox\LootBox.csproj", "{CEC122C5-E64E-4CF9-90AF-8807C5B6486B}"
EndProject
Global
	GlobalSection(SolutionConfigurationPlatforms) = preSolution
		Debug|Any CPU = Debug|Any CPU
		Release|Any CPU = Release|Any CPU
	EndGlobalSection
	GlobalSection(ProjectConfigurationPlatforms) = postSolution
		{CEC122C5-E64E-4CF9-90AF-8807C5B6486B}.Debug|Any CPU.ActiveCfg = Debug|Any CPU
		{CEC122C5-E64E-4CF9-90AF-8807C5B6486B}.Debug|Any CPU.Build.0 = Debug|Any CPU
		{CEC122C5-E64E-4CF9-90AF-8807C5B6486B}.Release|Any CPU.ActiveCfg = Release|Any CPU
		{CEC122C5-E64E-4CF9-90AF-8807C5B6486B}.Release|Any CPU.Build.0 = Release|Any CPU
	EndGlobalSection
	GlobalSection(SolutionProperties) = preSolution
		HideSolutionNode = FALSE
	EndGlobalSection
	GlobalSection(ExtensibilityGlobals) = postSolution
		SolutionGuid = {4551F6E9-444C-406A-8C28-349E227ADBE8}
	EndGlobalSection
EndGlobal
